
Microsoft Visual Studio Solution File, Format Version 12.00
# Visual Studio 15
VisualStudioVersion = 15.0.26430.12
MinimumVisualStudioVersion = 10.0.40219.1
Project("{8BC9CEB8-8B4A-11D0-8D11-00A0C91BC942}") = "in_tta", "in_tta\in_tta.vcxproj", "{67DE0204-5F5F-48A7-93F8-9D403EB9CEE0}"
EndProject
Project("{8BC9CEB8-8B4A-11D0-8D11-00A0C91BC942}") = "enc_tta", "enc_tta\enc_tta.vcxproj", "{7B6322E9-14BD-4DC2-92B0-9EC0A1E8AA3A}"
EndProject
Project("{8BC9CEB8-8B4A-11D0-8D11-00A0C91BC942}") = "common", "common\common.vcxproj", "{B479CE23-6DCA-4CF3-A3CB-E9833F4BFC62}"
	ProjectSection(ProjectDependencies) = postProject
		{67DE0204-5F5F-48A7-93F8-9D403EB9CEE0} = {67DE0204-5F5F-48A7-93F8-9D403EB9CEE0}
		{7B6322E9-14BD-4DC2-92B0-9EC0A1E8AA3A} = {7B6322E9-14BD-4DC2-92B0-9EC0A1E8AA3A}
	EndProjectSection
EndProject
Global
	GlobalSection(SolutionConfigurationPlatforms) = preSolution
		Debug|Win32 = Debug|Win32
		Debug|x86 = Debug|x86
		Release|Win32 = Release|Win32
		Release|x86 = Release|x86
	EndGlobalSection
	GlobalSection(ProjectConfigurationPlatforms) = postSolution
		{67DE0204-5F5F-48A7-93F8-9D403EB9CEE0}.Debug|Win32.ActiveCfg = Debug|Win32
		{67DE0204-5F5F-48A7-93F8-9D403EB9CEE0}.Debug|Win32.Build.0 = Debug|Win32
		{67DE0204-5F5F-48A7-93F8-9D403EB9CEE0}.Debug|x86.ActiveCfg = Debug|Win32
		{67DE0204-5F5F-48A7-93F8-9D403EB9CEE0}.Debug|x86.Build.0 = Debug|Win32
		{67DE0204-5F5F-48A7-93F8-9D403EB9CEE0}.Release|Win32.ActiveCfg = Release|Win32
		{67DE0204-5F5F-48A7-93F8-9D403EB9CEE0}.Release|Win32.Build.0 = Release|Win32
		{67DE0204-5F5F-48A7-93F8-9D403EB9CEE0}.Release|x86.ActiveCfg = Release|Win32
		{67DE0204-5F5F-48A7-93F8-9D403EB9CEE0}.Release|x86.Build.0 = Release|Win32
		{7B6322E9-14BD-4DC2-92B0-9EC0A1E8AA3A}.Debug|Win32.ActiveCfg = Debug|Win32
		{7B6322E9-14BD-4DC2-92B0-9EC0A1E8AA3A}.Debug|Win32.Build.0 = Debug|Win32
		{7B6322E9-14BD-4DC2-92B0-9EC0A1E8AA3A}.Debug|x86.ActiveCfg = Debug|Win32
		{7B6322E9-14BD-4DC2-92B0-9EC0A1E8AA3A}.Debug|x86.Build.0 = Debug|Win32
		{7B6322E9-14BD-4DC2-92B0-9EC0A1E8AA3A}.Release|Win32.ActiveCfg = Release|Win32
		{7B6322E9-14BD-4DC2-92B0-9EC0A1E8AA3A}.Release|Win32.Build.0 = Release|Win32
		{7B6322E9-14BD-4DC2-92B0-9EC0A1E8AA3A}.Release|x86.ActiveCfg = Release|Win32
		{7B6322E9-14BD-4DC2-92B0-9EC0A1E8AA3A}.Release|x86.Build.0 = Release|Win32
		{B479CE23-6DCA-4CF3-A3CB-E9833F4BFC62}.Debug|Win32.ActiveCfg = Debug|Win32
		{B479CE23-6DCA-4CF3-A3CB-E9833F4BFC62}.Debug|Win32.Build.0 = Debug|Win32
		{B479CE23-6DCA-4CF3-A3CB-E9833F4BFC62}.Debug|x86.ActiveCfg = Debug|Win32
		{B479CE23-6DCA-4CF3-A3CB-E9833F4BFC62}.Debug|x86.Build.0 = Debug|Win32
		{B479CE23-6DCA-4CF3-A3CB-E9833F4BFC62}.Release|Win32.ActiveCfg = Release|Win32
		{B479CE23-6DCA-4CF3-A3CB-E9833F4BFC62}.Release|Win32.Build.0 = Release|Win32
		{B479CE23-6DCA-4CF3-A3CB-E9833F4BFC62}.Release|x86.ActiveCfg = Release|Win32
		{B479CE23-6DCA-4CF3-A3CB-E9833F4BFC62}.Release|x86.Build.0 = Release|Win32
	EndGlobalSection
	GlobalSection(SolutionProperties) = preSolution
		HideSolutionNode = FALSE
	EndGlobalSection
	GlobalSection(Performance) = preSolution
		HasPerformanceSessions = true
	EndGlobalSection
	GlobalSection(Performance) = preSolution
		HasPerformanceSessions = true
	EndGlobalSection
	GlobalSection(Performance) = preSolution
		HasPerformanceSessions = true
	EndGlobalSection
	GlobalSection(Performance) = preSolution
		HasPerformanceSessions = true
	EndGlobalSection
EndGlobal
