<?xml version="1.0" encoding="utf-8"?>
<Project ToolsVersion="4.0" xmlns="http://schemas.microsoft.com/developer/msbuild/2003">
  <ItemGroup>
    <ClCompile Include="AlbumArt.cpp">
      <Filter>Source Files</Filter>
    </ClCompile>
    <ClCompile Include="in_tta.cpp">
      <Filter>Source Files</Filter>
    </ClCompile>
    <ClCompile Include="MediaLibrary.cpp">
      <Filter>Source Files</Filter>
    </ClCompile>
    <ClCompile Include="DecodeFile.cpp">
      <Filter>Source Files</Filter>
    </ClCompile>
  </ItemGroup>
  <ItemGroup>
    <ClInclude Include="AlbumArt.h">
      <Filter>Header Files</Filter>
    </ClInclude>
    <ClInclude Include="MediaLibrary.h">
      <Filter>Header Files</Filter>
    </ClInclude>
    <ClInclude Include="resource.h">
      <Filter>Header Files</Filter>
    </ClInclude>
    <ClInclude Include="in_tta.h">
      <Filter>Header Files</Filter>
    </ClInclude>
    <ClInclude Include="DecodeFile.h">
      <Filter>Header Files</Filter>
    </ClInclude>
  </ItemGroup>
  <ItemGroup>
    <ResourceCompile Include="in_tta.rc">
      <Filter>Resource Files</Filter>
    </ResourceCompile>
  </ItemGroup>
  <ItemGroup>
    <Filter Include="Header Files">
      <UniqueIdentifier>{f87421eb-1b84-4cdc-bff2-ed1888a2704f}</UniqueIdentifier>
      <Extensions>h;hpp;hxx;hm;inl;inc</Extensions>
    </Filter>
    <Filter Include="Source Files">
      <UniqueIdentifier>{e7a78502-6f7b-4c63-840b-e23d75a77707}</UniqueIdentifier>
      <Extensions>cpp;c;cxx;def;odl;idl;hpj;bat;asm</Extensions>
    </Filter>
    <Filter Include="Resource Files">
      <UniqueIdentifier>{cf1560b7-0408-49f7-8f45-81ee0bf3a8a4}</UniqueIdentifier>
      <Extensions>rc;ico</Extensions>
    </Filter>
  </ItemGroup>
  <ItemGroup>
    <None Include="in_tta.def">
      <Filter>Resource Files</Filter>
    </None>
    <None Include="about.txt.gz">
      <Filter>Resource Files</Filter>
    </None>
  </ItemGroup>
</Project>